Microsoft Visual Studio Solution File, Format Version 12.00
# Visual Studio Version 16
VisualStudioVersion = 16.0.29905.134
MinimumVisualStudioVersion = 10.0.40219.1
Project("{8BC9CEB8-8B4A-11D0-8D11-00A0C91BC942}") = "C1131007Q01", "C1131007Q01\C1131007Q01.vcxproj", "{69C7956A-D8A0-4685-A294-0E1E12FFF3F5}"
EndProject
Project("{8BC9CEB8-8B4A-11D0-8D11-00A0C91BC942}") = "C1131007Q02", "C1131007Q02\C1131007Q02.vcxproj", "{BCBE211E-FD43-4434-91CE-02C9964ED294}"
EndProject
Global
	GlobalSection(SolutionConfigurationPlatforms) = preSolution
		Debug|x64 = Debug|x64
		Debug|x86 = Debug|x86
		Release|x64 = Release|x64
		Release|x86 = Release|x86
	EndGlobalSection
	GlobalSection(ProjectConfigurationPlatforms) = postSolution
		{69C7956A-D8A0-4685-A294-0E1E12FFF3F5}.Debug|x64.ActiveCfg = Debug|x64
		{69C7956A-D8A0-4685-A294-0E1E12FFF3F5}.Debug|x64.Build.0 = Debug|x64
		{69C7956A-D8A0-4685-A294-0E1E12FFF3F5}.Debug|x86.ActiveCfg = Debug|Win32
		{69C7956A-D8A0-4685-A294-0E1E12FFF3F5}.Debug|x86.Build.0 = Debug|Win32
		{69C7956A-D8A0-4685-A294-0E1E12FFF3F5}.Release|x64.ActiveCfg = Release|x64
		{69C7956A-D8A0-4685-A294-0E1E12FFF3F5}.Release|x64.Build.0 = Release|x64
		{69C7956A-D8A0-4685-A294-0E1E12FFF3F5}.Release|x86.ActiveCfg = Release|Win32
		{69C7956A-D8A0-4685-A294-0E1E12FFF3F5}.Release|x86.Build.0 = Release|Win32
		{BCBE211E-FD43-4434-91CE-02C9964ED294}.Debug|x64.ActiveCfg = Debug|x64
		{BCBE211E-FD43-4434-91CE-02C9964ED294}.Debug|x64.Build.0 = Debug|x64
		{BCBE211E-FD43-4434-91CE-02C9964ED294}.Debug|x86.ActiveCfg = Debug|Win32
		{BCBE211E-FD43-4434-91CE-02C9964ED294}.Debug|x86.Build.0 = Debug|Win32
		{BCBE211E-FD43-4434-91CE-02C9964ED294}.Release|x64.ActiveCfg = Release|x64
		{BCBE211E-FD43-4434-91CE-02C9964ED294}.Release|x64.Build.0 = Release|x64
		{BCBE211E-FD43-4434-91CE-02C9964ED294}.Release|x86.ActiveCfg = Release|Win32
		{BCBE211E-FD43-4434-91CE-02C9964ED294}.Release|x86.Build.0 = Release|Win32
	EndGlobalSection
	GlobalSection(SolutionProperties) = preSolution
		HideSolutionNode = FALSE
	EndGlobalSection
	GlobalSection(ExtensibilityGlobals) = postSolution
		SolutionGuid = {BBF4395C-282C-42CB-84AD-DF56C2B2F88E}
	EndGlobalSection
EndGlobal
